
Microsoft Visual Studio Solution File, Format Version 12.00
# Visual Studio 2013
VisualStudioVersion = 12.0.31101.0
MinimumVisualStudioVersion = 10.0.40219.1
Project("{FAE04EC0-301F-11D3-BF4B-00C04F79EFBC}") = "TableGenerator", "TableGenerator\TableGenerator.csproj", "{C7CA1CF9-7E18-47C4-9910-4E39EE88BEAE}"
EndProject
Global
	GlobalSection(SolutionConfigurationPlatforms) = preSolution
		Debug|Any CPU = Debug|Any CPU
		Release|Any CPU = Release|Any CPU
	EndGlobalSection
	GlobalSection(ProjectConfigurationPlatforms) = postSolution
		{C7CA1CF9-7E18-47C4-9910-4E39EE88BEAE}.Debug|Any CPU.ActiveCfg = Debug|Any CPU
		{C7CA1CF9-7E18-47C4-9910-4E39EE88BEAE}.Debug|Any CPU.Build.0 = Debug|Any CPU
		{C7CA1CF9-7E18-47C4-9910-4E39EE88BEAE}.Release|Any CPU.ActiveCfg = Release|Any CPU
		{C7CA1CF9-7E18-47C4-9910-4E39EE88BEAE}.Release|Any CPU.Build.0 = Release|Any CPU
	EndGlobalSection
	GlobalSection(SolutionProperties) = preSolution
		HideSolutionNode = FALSE
	EndGlobalSection
EndGlobal
